
Microsoft Visual Studio Solution File, Format Version 12.00
# Visual Studio Version 17
VisualStudioVersion = 17.4.33205.214
MinimumVisualStudioVersion = 10.0.40219.1
Project("{FAE04EC0-301F-11D3-BF4B-00C04F79EFBC}") = "TodoApi", "TodoApi.csproj", "{12ED88A8-ABBF-4A9F-A19F-13FEC1316001}"
EndProject
Global
	GlobalSection(SolutionConfigurationPlatforms) = preSolution
		Debug|Any CPU = Debug|Any CPU
		Release|Any CPU = Release|Any CPU
	EndGlobalSection
	GlobalSection(ProjectConfigurationPlatforms) = postSolution
		{12ED88A8-ABBF-4A9F-A19F-13FEC1316001}.Debug|Any CPU.ActiveCfg = Debug|Any CPU
		{12ED88A8-ABBF-4A9F-A19F-13FEC1316001}.Debug|Any CPU.Build.0 = Debug|Any CPU
		{12ED88A8-ABBF-4A9F-A19F-13FEC1316001}.Release|Any CPU.ActiveCfg = Release|Any CPU
		{12ED88A8-ABBF-4A9F-A19F-13FEC1316001}.Release|Any CPU.Build.0 = Release|Any CPU
	EndGlobalSection
	GlobalSection(SolutionProperties) = preSolution
		HideSolutionNode = FALSE
	EndGlobalSection
	GlobalSection(ExtensibilityGlobals) = postSolution
		SolutionGuid = {00000957-5002-4CDE-A7BC-E25B3483BE31}
	EndGlobalSection
EndGlobal
